// !$*UTF8*$!
{
	archiveVersion = 1;
	classes = {
	};
	objectVersion = 50;
	objects = {

/* Begin PBXBuildFile section */
		8212191825FD8AB300890D77 /* AppDelegate.swift in Sources */ = {isa = PBXBuildFile; fileRef = 8212191725FD8AB300890D77 /* AppDelegate.swift */; };
		8212191A25FD8AB300890D77 /* SceneDelegate.swift in Sources */ = {isa = PBXBuildFile; fileRef = 8212191925FD8AB300890D77 /* SceneDelegate.swift */; };
		8212191C25FD8AB300890D77 /* ViewController.swift in Sources */ = {isa = PBXBuildFile; fileRef = 8212191B25FD8AB300890D77 /* ViewController.swift */; };
		8212191F25FD8AB300890D77 /* Main.storyboard in Resources */ = {isa = PBXBuildFile; fileRef = 8212191D25FD8AB300890D77 /* Main.storyboard */; };
		8212192125FD8AB400890D77 /* Assets.xcassets in Resources */ = {isa = PBXBuildFile; fileRef = 8212192025FD8AB400890D77 /* Assets.xcassets */; };
		8212192425FD8AB400890D77 /* LaunchScreen.storyboard in Resources */ = {isa = PBXBuildFile; fileRef = 8212192225FD8AB400890D77 /* LaunchScreen.storyboard */; };
		8212192D25FD8C6100890D77 /* SwiftUIHostingController.swift in Sources */ = {isa = PBXBuildFile; fileRef = 8212192C25FD8C6100890D77 /* SwiftUIHostingController.swift */; };
/* End PBXBuildFile section */

/* Begin PBXFileReference section */
		8212191425FD8AB300890D77 /* SwiftUIInUIKit.app */ = {isa = PBXFileReference; explicitFileType = wrapper.application; includeInIndex = 0; path = SwiftUIInUIKit.app; sourceTree = BUILT_PRODUCTS_DIR; };
		8212191725FD8AB300890D77 /* AppDelegate.swift */ = {isa = PBXFileReference; lastKnownFileType = sourcecode.swift; path = AppDelegate.swift; sourceTree = "<group>"; };
		8212191925FD8AB300890D77 /* SceneDelegate.swift */ = {isa = PBXFileReference; lastKnownFileType = sourcecode.swift; path = SceneDelegate.swift; sourceTree = "<group>"; };
		8212191B25FD8AB300890D77 /* ViewController.swift */ = {isa = PBXFileReference; lastKnownFileType = sourcecode.swift; path = ViewController.swift; sourceTree = "<group>"; };
		8212191E25FD8AB300890D77 /* Base */ = {isa = PBXFileReference; lastKnownFileType = file.storyboard; name = Base; path = Base.lproj/Main.storyboard; sourceTree = "<group>"; };
		8212192025FD8AB400890D77 /* Assets.xcassets */ = {isa = PBXFileReference; lastKnownFileType = folder.assetcatalog; path = Assets.xcassets; sourceTree = "<group>"; };
		8212192325FD8AB400890D77 /* Base */ = {isa = PBXFileReference; lastKnownFileType = file.storyboard; name = Base; path = Base.lproj/LaunchScreen.storyboard; sourceTree = "<group>"; };
		8212192525FD8AB400890D77 /* Info.plist */ = {isa = PBXFileReference; lastKnownFileType = text.plist.xml; path = Info.plist; sourceTree = "<group>"; };
		8212192C25FD8C6100890D77 /* SwiftUIHostingController.swift */ = {isa = PBXFileReference; lastKnownFileType = sourcecode.swift; path = SwiftUIHostingController.swift; sourceTree = "<group>"; };
/* End PBXFileReference section */

/* Begin PBXFrameworksBuildPhase section */
		8212191125FD8AB300890D77 /* Frameworks */ = {
			isa = PBXFrameworksBuildPhase;
			buildActionMask = 2147483647;
			files = (
			);
			runOnlyForDeploymentPostprocessing = 0;
		};
/* End PBXFrameworksBuildPhase section */

/* Begin PBXGroup section */
		8212190B25FD8AB300890D77 = {
			isa = PBXGroup;
			children = (
				8212191625FD8AB300890D77 /* SwiftUIInUIKit */,
				8212191525FD8AB300890D77 /* Products */,
			);
			sourceTree = "<group>";
		};
		8212191525FD8AB300890D77 /* Products */ = {
			isa = PBXGroup;
			children = (
				8212191425FD8AB300890D77 /* SwiftUIInUIKit.app */,
			);
			name = Products;
			sourceTree = "<group>";
		};
		8212191625FD8AB300890D77 /* SwiftUIInUIKit */ = {
			isa = PBXGroup;
			children = (
				8212191725FD8AB300890D77 /* AppDelegate.swift */,
				8212191925FD8AB300890D77 /* SceneDelegate.swift */,
				8212191B25FD8AB300890D77 /* ViewController.swift */,
				8212192C25FD8C6100890D77 /* SwiftUIHostingController.swift */,
				8212191D25FD8AB300890D77 /* Main.storyboard */,
				8212192025FD8AB400890D77 /* Assets.xcassets */,
				8212192225FD8AB400890D77 /* LaunchScreen.storyboard */,
				8212192525FD8AB400890D77 /* Info.plist */,
			);
			path = SwiftUIInUIKit;
			sourceTree = "<group>";
		};
/* End PBXGroup section */

/* Begin PBXNativeTarget section */
		8212191325FD8AB300890D77 /* SwiftUIInUIKit */ = {
			isa = PBXNativeTarget;
			buildConfigurationList = 8212192825FD8AB400890D77 /* Build configuration list for PBXNativeTarget "SwiftUIInUIKit" */;
			buildPhases = (
				8212191025FD8AB300890D77 /* Sources */,
				8212191125FD8AB300890D77 /* Frameworks */,
				8212191225FD8AB300890D77 /* Resources */,
			);
			buildRules = (
			);
			dependencies = (
			);
			name = SwiftUIInUIKit;
			productName = SwiftUIInUIKit;
			productReference = 8212191425FD8AB300890D77 /* SwiftUIInUIKit.app */;
			productType = "com.apple.product-type.application";
		};
/* End PBXNativeTarget section */

/* Begin PBXProject section */
		8212190C25FD8AB300890D77 /* Project object */ = {
			isa = PBXProject;
			attributes = {
				LastSwiftUpdateCheck = 1230;
				LastUpgradeCheck = 1230;
				TargetAttributes = {
					8212191325FD8AB300890D77 = {
						CreatedOnToolsVersion = 12.3;
					};
				};
			};
			buildConfigurationList = 8212190F25FD8AB300890D77 /* Build configuration list for PBXProject "SwiftUIInUIKit" */;
			compatibilityVersion = "Xcode 9.3";
			developmentRegion = en;
			hasScannedForEncodings = 0;
			knownRegions = (
				en,
				Base,
			);
			mainGroup = 8212190B25FD8AB300890D77;
			productRefGroup = 8212191525FD8AB300890D77 /* Products */;
			projectDirPath = "";
			projectRoot = "";
			targets = (
				8212191325FD8AB300890D77 /* SwiftUIInUIKit */,
			);
		};
/* End PBXProject section */

/* Begin PBXResourcesBuildPhase section */
		8212191225FD8AB300890D77 /* Resources */ = {
			isa = PBXResourcesBuildPhase;
			buildActionMask = 2147483647;
			files = (
				8212192425FD8AB400890D77 /* LaunchScreen.storyboard in Resources */,
				8212192125FD8AB400890D77 /* Assets.xcassets in Resources */,
				8212191F25FD8AB300890D77 /* Main.storyboard in Resources */,
			);
			runOnlyForDeploymentPostprocessing = 0;
		};
/* End PBXResourcesBuildPhase section */

/* Begin PBXSourcesBuildPhase section */
		8212191025FD8AB300890D77 /* Sources */ = {
			isa = PBXSourcesBuildPhase;
			buildActionMask = 2147483647;
			files = (
				8212192D25FD8C6100890D77 /* SwiftUIHostingController.swift in Sources */,
				8212191C25FD8AB300890D77 /* ViewController.swift in Sources */,
				8212191825FD8AB300890D77 /* AppDelegate.swift in Sources */,
				8212191A25FD8AB300890D77 /* SceneDelegate.swift in Sources */,
			);
			runOnlyForDeploymentPostprocessing = 0;
		};
/* End PBXSourcesBuildPhase section */

/* Begin PBXVariantGroup section */
		8212191D25FD8AB300890D77 /* Main.storyboard */ = {
			isa = PBXVariantGroup;
			children = (
				8212191E25FD8AB300890D77 /* Base */,
			);
			name = Main.storyboard;
			sourceTree = "<group>";
		};
		8212192225FD8AB400890D77 /* LaunchScreen.storyboard */ = {
			isa = PBXVariantGroup;
			children = (
				8212192325FD8AB400890D77 /* Base */,
			);
			name = LaunchScreen.storyboard;
			sourceTree = "<group>";
		};
/* End PBXVariantGroup section */

/* Begin XCBuildConfiguration section */
		8212192625FD8AB400890D77 /* Debug */ = {
			isa = XCBuildConfiguration;
			buildSettings = {
				ALWAYS_SEARCH_USER_PATHS = NO;
				CLANG_ANALYZER_NONNULL = YES;
				CLANG_ANALYZER_NUMBER_OBJECT_CONVERSION = YES_AGGRESSIVE;
				CLANG_CXX_LANGUAGE_STANDARD = "gnu++14";
				CLANG_CXX_LIBRARY = "libc++";
				CLANG_ENABLE_MODULES = YES;
				CLANG_ENABLE_OBJC_ARC = YES;
				CLANG_ENABLE_OBJC_WEAK = YES;
				CLANG_WARN_BLOCK_CAPTURE_AUTORELEASING = YES;
				CLANG_WARN_BOOL_CONVERSION = YES;
				CLANG_WARN_COMMA = YES;
				CLANG_WARN_CONSTANT_CONVERSION = YES;
				CLANG_WARN_DEPRECATED_OBJC_IMPLEMENTATIONS = YES;
				CLANG_WARN_DIRECT_OBJC_ISA_USAGE = YES_ERROR;
				CLANG_WARN_DOCUMENTATION_COMMENTS = YES;
				CLANG_WARN_EMPTY_BODY = YES;
				CLANG_WARN_ENUM_CONVERSION = YES;
				CLANG_WARN_INFINITE_RECURSION = YES;
				CLANG_WARN_INT_CONVERSION = YES;
				CLANG_WARN_NON_LITERAL_NULL_CONVERSION = YES;
				CLANG_WARN_OBJC_IMPLICIT_RETAIN_SELF = YES;
				CLANG_WARN_OBJC_LITERAL_CONVERSION = YES;
				CLANG_WARN_OBJC_ROOT_CLASS = YES_ERROR;
				CLANG_WARN_QUOTED_INCLUDE_IN_FRAMEWORK_HEADER = YES;
				CLANG_WARN_RANGE_LOOP_ANALYSIS = YES;
				CLANG_WARN_STRICT_PROTOTYPES = YES;
				CLANG_WARN_SUSPICIOUS_MOVE = YES;
				CLANG_WARN_UNGUARDED_AVAILABILITY = YES_AGGRESSIVE;
				CLANG_WARN_UNREACHABLE_CODE = YES;
				CLANG_WARN__DUPLICATE_METHOD_MATCH = YES;
				COPY_PHASE_STRIP = NO;
				DEBUG_INFORMATION_FORMAT = dwarf;
				ENABLE_STRICT_OBJC_MSGSEND = YES;
				ENABLE_TESTABILITY = YES;
				GCC_C_LANGUAGE_STANDARD = gnu11;
				GCC_DYNAMIC_NO_PIC = NO;
				GCC_NO_COMMON_BLOCKS = YES;
				GCC_OPTIMIZATION_LEVEL = 0;
				GCC_PREPROCESSOR_DEFINITIONS = (
					"DEBUG=1",
					"$(inherited)",
				);
				GCC_WARN_64_TO_32_BIT_CONVERSION = YES;
				GCC_WARN_ABOUT_RETURN_TYPE = YES_ERROR;
				GCC_WARN_UNDECLARED_SELECTOR = YES;
				GCC_WARN_UNINITIALIZED_AUTOS = YES_AGGRESSIVE;
				GCC_WARN_UNUSED_FUNCTION = YES;
				GCC_WARN_UNUSED_VARIABLE = YES;
				IPHONEOS_DEPLOYMENT_TARGET = 14.3;
				MTL_ENABLE_DEBUG_INFO = INCLUDE_SOURCE;
				MTL_FAST_MATH = YES;
				ONLY_ACTIVE_ARCH = YES;
				SDKROOT = iphoneos;
				SWIFT_ACTIVE_COMPILATION_CONDITIONS = DEBUG;
				SWIFT_OPTIMIZATION_LEVEL = "-Onone";
			};
			name = Debug;
		};
		8212192725FD8AB400890D77 /* Release */ = {
			isa = XCBuildConfiguration;
			buildSettings = {
				ALWAYS_SEARCH_USER_PATHS = NO;
				CLANG_ANALYZER_NONNULL = YES;
				CLANG_ANALYZER_NUMBER_OBJECT_CONVERSION = YES_AGGRESSIVE;
				CLANG_CXX_LANGUAGE_STANDARD = "gnu++14";
				CLANG_CXX_LIBRARY = "libc++";
				CLANG_ENABLE_MODULES = YES;
				CLANG_ENABLE_OBJC_ARC = YES;
				CLANG_ENABLE_OBJC_WEAK = YES;
				CLANG_WARN_BLOCK_CAPTURE_AUTORELEASING = YES;
				CLANG_WARN_BOOL_CONVERSION = YES;
				CLANG_WARN_COMMA = YES;
				CLANG_WARN_CONSTANT_CONVERSION = YES;
				CLANG_WARN_DEPRECATED_OBJC_IMPLEMENTATIONS = YES;
				CLANG_WARN_DIRECT_OBJC_ISA_USAGE = YES_ERROR;
				CLANG_WARN_DOCUMENTATION_COMMENTS = YES;
				CLANG_WARN_EMPTY_BODY = YES;
				CLANG_WARN_ENUM_CONVERSION = YES;
				CLANG_WARN_INFINITE_RECURSION = YES;
				CLANG_WARN_INT_CONVERSION = YES;
				CLANG_WARN_NON_LITERAL_NULL_CONVERSION = YES;
				CLANG_WARN_OBJC_IMPLICIT_RETAIN_SELF = YES;
				CLANG_WARN_OBJC_LITERAL_CONVERSION = YES;
				CLANG_WARN_OBJC_ROOT_CLASS = YES_ERROR;
				CLANG_WARN_QUOTED_INCLUDE_IN_FRAMEWORK_HEADER = YES;
				CLANG_WARN_RANGE_LOOP_ANALYSIS = YES;
				CLANG_WARN_STRICT_PROTOTYPES = YES;
				CLANG_WARN_SUSPICIOUS_MOVE = YES;
				CLANG_WARN_UNGUARDED_AVAILABILITY = YES_AGGRESSIVE;
				CLANG_WARN_UNREACHABLE_CODE = YES;
				CLANG_WARN__DUPLICATE_METHOD_MATCH = YES;
				COPY_PHASE_STRIP = NO;
				DEBUG_INFORMATION_FORMAT = "dwarf-with-dsym";
				ENABLE_NS_ASSERTIONS = NO;
				ENABLE_STRICT_OBJC_MSGSEND = YES;
				GCC_C_LANGUAGE_STANDARD = gnu11;
				GCC_NO_COMMON_BLOCKS = YES;
				GCC_WARN_64_TO_32_BIT_CONVERSION = YES;
				GCC_WARN_ABOUT_RETURN_TYPE = YES_ERROR;
				GCC_WARN_UNDECLARED_SELECTOR = YES;
				GCC_WARN_UNINITIALIZED_AUTOS = YES_AGGRESSIVE;
				GCC_WARN_UNUSED_FUNCTION = YES;
				GCC_WARN_UNUSED_VARIABLE = YES;
				IPHONEOS_DEPLOYMENT_TARGET = 14.3;
				MTL_ENABLE_DEBUG_INFO = NO;
				MTL_FAST_MATH = YES;
				SDKROOT = iphoneos;
				SWIFT_COMPILATION_MODE = wholemodule;
				SWIFT_OPTIMIZATION_LEVEL = "-O";
				VALIDATE_PRODUCT = YES;
			};
			name = Release;
		};
		8212192925FD8AB400890D77 /* Debug */ = {
			isa = XCBuildConfiguration;
			buildSettings = {
				ASSETCATALOG_COMPILER_APPICON_NAME = AppIcon;
				ASSETCATALOG_COMPILER_GLOBAL_ACCENT_COLOR_NAME = AccentColor;
				CODE_SIGN_STYLE = Automatic;
				DEVELOPMENT_TEAM = 9C9R36NYWY;
				INFOPLIST_FILE = SwiftUIInUIKit/Info.plist;
				LD_RUNPATH_SEARCH_PATHS = (
					"$(inherited)",
					"@executable_path/Frameworks",
				);
				PRODUCT_BUNDLE_IDENTIFIER = com.commonworldinc.Testing.SwiftUIInUIKit;
				PRODUCT_NAME = "$(TARGET_NAME)";
				SWIFT_VERSION = 5.0;
				TARGETED_DEVICE_FAMILY = "1,2";
			};
			name = Debug;
		};
		8212192A25FD8AB400890D77 /* Release */ = {
			isa = XCBuildConfiguration;
			buildSettings = {
				ASSETCATALOG_COMPILER_APPICON_NAME = AppIcon;
				ASSETCATALOG_COMPILER_GLOBAL_ACCENT_COLOR_NAME = AccentColor;
				CODE_SIGN_STYLE = Automatic;
				DEVELOPMENT_TEAM = 9C9R36NYWY;
				INFOPLIST_FILE = SwiftUIInUIKit/Info.plist;
				LD_RUNPATH_SEARCH_PATHS = (
					"$(inherited)",
					"@executable_path/Frameworks",
				);
				PRODUCT_BUNDLE_IDENTIFIER = com.commonworldinc.Testing.SwiftUIInUIKit;
				PRODUCT_NAME = "$(TARGET_NAME)";
				SWIFT_VERSION = 5.0;
				TARGETED_DEVICE_FAMILY = "1,2";
			};
			name = Release;
		};
/* End XCBuildConfiguration section */

/* Begin XCConfigurationList section */
		8212190F25FD8AB300890D77 /* Build configuration list for PBXProject "SwiftUIInUIKit" */ = {
			isa = XCConfigurationList;
			buildConfigurations = (
				8212192625FD8AB400890D77 /* Debug */,
				8212192725FD8AB400890D77 /* Release */,
			);
			defaultConfigurationIsVisible = 0;
			defaultConfigurationName = Release;
		};
		8212192825FD8AB400890D77 /* Build configuration list for PBXNativeTarget "SwiftUIInUIKit" */ = {
			isa = XCConfigurationList;
			buildConfigurations = (
				8212192925FD8AB400890D77 /* Debug */,
				8212192A25FD8AB400890D77 /* Release */,
			);
			defaultConfigurationIsVisible = 0;
			defaultConfigurationName = Release;
		};
/* End XCConfigurationList section */
	};
	rootObject = 8212190C25FD8AB300890D77 /* Project object */;
}
